
Microsoft Visual Studio Solution File, Format Version 12.00
# Visual Studio 15
VisualStudioVersion = 15.0.27703.2047
MinimumVisualStudioVersion = 10.0.40219.1
Project("{FAE04EC0-301F-11D3-BF4B-00C04F79EFBC}") = "Parcela.Android", "Parcela\Parcela.Android\Parcela.Android.csproj", "{05591068-9AB4-43CD-82B7-F8944C25570A}"
EndProject
Project("{FAE04EC0-301F-11D3-BF4B-00C04F79EFBC}") = "Parcela.iOS", "Parcela\Parcela.iOS\Parcela.iOS.csproj", "{D5504E4E-1776-40EA-B308-E85E936D5B6D}"
EndProject
Project("{FAE04EC0-301F-11D3-BF4B-00C04F79EFBC}") = "Parcela.UWP", "Parcela\Parcela.UWP\Parcela.UWP.csproj", "{89EEE47E-4A4E-48E6-A327-56B0618095B2}"
EndProject
Project("{FAE04EC0-301F-11D3-BF4B-00C04F79EFBC}") = "Parcela", "Parcela\Parcela\Parcela.csproj", "{9B2FE30D-472F-4D07-ABC0-04EFB713E00E}"
EndProject
Project("{FAE04EC0-301F-11D3-BF4B-00C04F79EFBC}") = "Parcela.Backend", "Parcela.Backend\Parcela.Backend.csproj", "{3AFF7F73-BF09-444A-9D8C-8D760D079C6F}"
EndProject
Project("{FAE04EC0-301F-11D3-BF4B-00C04F79EFBC}") = "Parcela.API", "Parcela.API\Parcela.API.csproj", "{C7AC9A0E-8DCE-4958-B46F-6899649B6C40}"
EndProject
Project("{FAE04EC0-301F-11D3-BF4B-00C04F79EFBC}") = "Parcela.Domain", "Parcela.Domain\Parcela.Domain.csproj", "{31A56D50-4391-4357-9E16-06B361B5921B}"
EndProject
Project("{FAE04EC0-301F-11D3-BF4B-00C04F79EFBC}") = "Parcela.Common", "Parcela.Common\Parcela.Common.csproj", "{ECA26F2C-7C4D-4D4E-A948-A3ADF3323EB0}"
EndProject
Global
	GlobalSection(SolutionConfigurationPlatforms) = preSolution
		Ad-Hoc|Any CPU = Ad-Hoc|Any CPU
		Ad-Hoc|ARM = Ad-Hoc|ARM
		Ad-Hoc|iPhone = Ad-Hoc|iPhone
		Ad-Hoc|iPhoneSimulator = Ad-Hoc|iPhoneSimulator
		Ad-Hoc|x64 = Ad-Hoc|x64
		Ad-Hoc|x86 = Ad-Hoc|x86
		AppStore|Any CPU = AppStore|Any CPU
		AppStore|ARM = AppStore|ARM
		AppStore|iPhone = AppStore|iPhone
		AppStore|iPhoneSimulator = AppStore|iPhoneSimulator
		AppStore|x64 = AppStore|x64
		AppStore|x86 = AppStore|x86
		Debug|Any CPU = Debug|Any CPU
		Debug|ARM = Debug|ARM
		Debug|iPhone = Debug|iPhone
		Debug|iPhoneSimulator = Debug|iPhoneSimulator
		Debug|x64 = Debug|x64
		Debug|x86 = Debug|x86
		Release|Any CPU = Release|Any CPU
		Release|ARM = Release|ARM
		Release|iPhone = Release|iPhone
		Release|iPhoneSimulator = Release|iPhoneSimulator
		Release|x64 = Release|x64
		Release|x86 = Release|x86
	EndGlobalSection
	GlobalSection(ProjectConfigurationPlatforms) = postSolution
		{05591068-9AB4-43CD-82B7-F8944C25570A}.Ad-Hoc|Any CPU.ActiveCfg = Release|Any CPU
		{05591068-9AB4-43CD-82B7-F8944C25570A}.Ad-Hoc|Any CPU.Build.0 = Release|Any CPU
		{05591068-9AB4-43CD-82B7-F8944C25570A}.Ad-Hoc|Any CPU.Deploy.0 = Release|Any CPU
		{05591068-9AB4-43CD-82B7-F8944C25570A}.Ad-Hoc|ARM.ActiveCfg = Release|Any CPU
		{05591068-9AB4-43CD-82B7-F8944C25570A}.Ad-Hoc|ARM.Build.0 = Release|Any CPU
		{05591068-9AB4-43CD-82B7-F8944C25570A}.Ad-Hoc|ARM.Deploy.0 = Release|Any CPU
		{05591068-9AB4-43CD-82B7-F8944C25570A}.Ad-Hoc|iPhone.ActiveCfg = Release|Any CPU
		{05591068-9AB4-43CD-82B7-F8944C25570A}.Ad-Hoc|iPhone.Build.0 = Release|Any CPU
		{05591068-9AB4-43CD-82B7-F8944C25570A}.Ad-Hoc|iPhone.Deploy.0 = Release|Any CPU
		{05591068-9AB4-43CD-82B7-F8944C25570A}.Ad-Hoc|iPhoneSimulator.ActiveCfg = Release|Any CPU
		{05591068-9AB4-43CD-82B7-F8944C25570A}.Ad-Hoc|iPhoneSimulator.Build.0 = Release|Any CPU
		{05591068-9AB4-43CD-82B7-F8944C25570A}.Ad-Hoc|iPhoneSimulator.Deploy.0 = Release|Any CPU
		{05591068-9AB4-43CD-82B7-F8944C25570A}.Ad-Hoc|x64.ActiveCfg = Release|Any CPU
		{05591068-9AB4-43CD-82B7-F8944C25570A}.Ad-Hoc|x64.Build.0 = Release|Any CPU
		{05591068-9AB4-43CD-82B7-F8944C25570A}.Ad-Hoc|x64.Deploy.0 = Release|Any CPU
		{05591068-9AB4-43CD-82B7-F8944C25570A}.Ad-Hoc|x86.ActiveCfg = Release|Any CPU
		{05591068-9AB4-43CD-82B7-F8944C25570A}.Ad-Hoc|x86.Build.0 = Release|Any CPU
		{05591068-9AB4-43CD-82B7-F8944C25570A}.Ad-Hoc|x86.Deploy.0 = Release|Any CPU
		{05591068-9AB4-43CD-82B7-F8944C25570A}.AppStore|Any CPU.ActiveCfg = Release|Any CPU
		{05591068-9AB4-43CD-82B7-F8944C25570A}.AppStore|Any CPU.Build.0 = Release|Any CPU
		{05591068-9AB4-43CD-82B7-F8944C25570A}.AppStore|Any CPU.Deploy.0 = Release|Any CPU
		{05591068-9AB4-43CD-82B7-F8944C25570A}.AppStore|ARM.ActiveCfg = Release|Any CPU
		{05591068-9AB4-43CD-82B7-F8944C25570A}.AppStore|ARM.Build.0 = Release|Any CPU
		{05591068-9AB4-43CD-82B7-F8944C25570A}.AppStore|ARM.Deploy.0 = Release|Any CPU
		{05591068-9AB4-43CD-82B7-F8944C25570A}.AppStore|iPhone.ActiveCfg = Release|Any CPU
		{05591068-9AB4-43CD-82B7-F8944C25570A}.AppStore|iPhone.Build.0 = Release|Any CPU
		{05591068-9AB4-43CD-82B7-F8944C25570A}.AppStore|iPhone.Deploy.0 = Release|Any CPU
		{05591068-9AB4-43CD-82B7-F8944C25570A}.AppStore|iPhoneSimulator.ActiveCfg = Release|Any CPU
		{05591068-9AB4-43CD-82B7-F8944C25570A}.AppStore|iPhoneSimulator.Build.0 = Release|Any CPU
		{05591068-9AB4-43CD-82B7-F8944C25570A}.AppStore|iPhoneSimulator.Deploy.0 = Release|Any CPU
		{05591068-9AB4-43CD-82B7-F8944C25570A}.AppStore|x64.ActiveCfg = Release|Any CPU
		{05591068-9AB4-43CD-82B7-F8944C25570A}.AppStore|x64.Build.0 = Release|Any CPU
		{05591068-9AB4-43CD-82B7-F8944C25570A}.AppStore|x64.Deploy.0 = Release|Any CPU
		{05591068-9AB4-43CD-82B7-F8944C25570A}.AppStore|x86.ActiveCfg = Release|Any CPU
		{05591068-9AB4-43CD-82B7-F8944C25570A}.AppStore|x86.Build.0 = Release|Any CPU
		{05591068-9AB4-43CD-82B7-F8944C25570A}.AppStore|x86.Deploy.0 = Release|Any CPU
		{05591068-9AB4-43CD-82B7-F8944C25570A}.Debug|Any CPU.ActiveCfg = Debug|Any CPU
		{05591068-9AB4-43CD-82B7-F8944C25570A}.Debug|Any CPU.Build.0 = Debug|Any CPU
		{05591068-9AB4-43CD-82B7-F8944C25570A}.Debug|Any CPU.Deploy.0 = Debug|Any CPU
		{05591068-9AB4-43CD-82B7-F8944C25570A}.Debug|ARM.ActiveCfg = Debug|Any CPU
		{05591068-9AB4-43CD-82B7-F8944C25570A}.Debug|ARM.Build.0 = Debug|Any CPU
		{05591068-9AB4-43CD-82B7-F8944C25570A}.Debug|ARM.Deploy.0 = Debug|Any CPU
		{05591068-9AB4-43CD-82B7-F8944C25570A}.Debug|iPhone.ActiveCfg = Debug|Any CPU
		{05591068-9AB4-43CD-82B7-F8944C25570A}.Debug|iPhone.Build.0 = Debug|Any CPU
		{05591068-9AB4-43CD-82B7-F8944C25570A}.Debug|iPhone.Deploy.0 = Debug|Any CPU
		{05591068-9AB4-43CD-82B7-F8944C25570A}.Debug|iPhoneSimulator.ActiveCfg = Debug|Any CPU
		{05591068-9AB4-43CD-82B7-F8944C25570A}.Debug|iPhoneSimulator.Build.0 = Debug|Any CPU
		{05591068-9AB4-43CD-82B7-F8944C25570A}.Debug|iPhoneSimulator.Deploy.0 = Debug|Any CPU
		{05591068-9AB4-43CD-82B7-F8944C25570A}.Debug|x64.ActiveCfg = Debug|Any CPU
		{05591068-9AB4-43CD-82B7-F8944C25570A}.Debug|x64.Build.0 = Debug|Any CPU
		{05591068-9AB4-43CD-82B7-F8944C25570A}.Debug|x64.Deploy.0 = Debug|Any CPU
		{05591068-9AB4-43CD-82B7-F8944C25570A}.Debug|x86.ActiveCfg = Debug|Any CPU
		{05591068-9AB4-43CD-82B7-F8944C25570A}.Debug|x86.Build.0 = Debug|Any CPU
		{05591068-9AB4-43CD-82B7-F8944C25570A}.Debug|x86.Deploy.0 = Debug|Any CPU
		{05591068-9AB4-43CD-82B7-F8944C25570A}.Release|Any CPU.ActiveCfg = Release|Any CPU
		{05591068-9AB4-43CD-82B7-F8944C25570A}.Release|Any CPU.Build.0 = Release|Any CPU
		{05591068-9AB4-43CD-82B7-F8944C25570A}.Release|Any CPU.Deploy.0 = Release|Any CPU
		{05591068-9AB4-43CD-82B7-F8944C25570A}.Release|ARM.ActiveCfg = Release|Any CPU
		{05591068-9AB4-43CD-82B7-F8944C25570A}.Release|ARM.Build.0 = Release|Any CPU
		{05591068-9AB4-43CD-82B7-F8944C25570A}.Release|ARM.Deploy.0 = Release|Any CPU
		{05591068-9AB4-43CD-82B7-F8944C25570A}.Release|iPhone.ActiveCfg = Release|Any CPU
		{05591068-9AB4-43CD-82B7-F8944C25570A}.Release|iPhone.Build.0 = Release|Any CPU
		{05591068-9AB4-43CD-82B7-F8944C25570A}.Release|iPhone.Deploy.0 = Release|Any CPU
		{05591068-9AB4-43CD-82B7-F8944C25570A}.Release|iPhoneSimulator.ActiveCfg = Release|Any CPU
		{05591068-9AB4-43CD-82B7-F8944C25570A}.Release|iPhoneSimulator.Build.0 = Release|Any CPU
		{05591068-9AB4-43CD-82B7-F8944C25570A}.Release|iPhoneSimulator.Deploy.0 = Release|Any CPU
		{05591068-9AB4-43CD-82B7-F8944C25570A}.Release|x64.ActiveCfg = Release|Any CPU
		{05591068-9AB4-43CD-82B7-F8944C25570A}.Release|x64.Build.0 = Release|Any CPU
		{05591068-9AB4-43CD-82B7-F8944C25570A}.Release|x64.Deploy.0 = Release|Any CPU
		{05591068-9AB4-43CD-82B7-F8944C25570A}.Release|x86.ActiveCfg = Release|Any CPU
		{05591068-9AB4-43CD-82B7-F8944C25570A}.Release|x86.Build.0 = Release|Any CPU
		{05591068-9AB4-43CD-82B7-F8944C25570A}.Release|x86.Deploy.0 = Release|Any CPU
		{D5504E4E-1776-40EA-B308-E85E936D5B6D}.Ad-Hoc|Any CPU.ActiveCfg = Ad-Hoc|iPhone
		{D5504E4E-1776-40EA-B308-E85E936D5B6D}.Ad-Hoc|Any CPU.Build.0 = Ad-Hoc|iPhone
		{D5504E4E-1776-40EA-B308-E85E936D5B6D}.Ad-Hoc|Any CPU.Deploy.0 = Ad-Hoc|iPhone
		{D5504E4E-1776-40EA-B308-E85E936D5B6D}.Ad-Hoc|ARM.ActiveCfg = Ad-Hoc|iPhone
		{D5504E4E-1776-40EA-B308-E85E936D5B6D}.Ad-Hoc|ARM.Build.0 = Ad-Hoc|iPhone
		{D5504E4E-1776-40EA-B308-E85E936D5B6D}.Ad-Hoc|ARM.Deploy.0 = Ad-Hoc|iPhone
		{D5504E4E-1776-40EA-B308-E85E936D5B6D}.Ad-Hoc|iPhone.ActiveCfg = Ad-Hoc|iPhone
		{D5504E4E-1776-40EA-B308-E85E936D5B6D}.Ad-Hoc|iPhone.Build.0 = Ad-Hoc|iPhone
		{D5504E4E-1776-40EA-B308-E85E936D5B6D}.Ad-Hoc|iPhone.Deploy.0 = Ad-Hoc|iPhone
		{D5504E4E-1776-40EA-B308-E85E936D5B6D}.Ad-Hoc|iPhoneSimulator.ActiveCfg = Ad-Hoc|iPhoneSimulator
		{D5504E4E-1776-40EA-B308-E85E936D5B6D}.Ad-Hoc|iPhoneSimulator.Build.0 = Ad-Hoc|iPhoneSimulator
		{D5504E4E-1776-40EA-B308-E85E936D5B6D}.Ad-Hoc|iPhoneSimulator.Deploy.0 = Ad-Hoc|iPhoneSimulator
		{D5504E4E-1776-40EA-B308-E85E936D5B6D}.Ad-Hoc|x64.ActiveCfg = Ad-Hoc|iPhone
		{D5504E4E-1776-40EA-B308-E85E936D5B6D}.Ad-Hoc|x64.Build.0 = Ad-Hoc|iPhone
		{D5504E4E-1776-40EA-B308-E85E936D5B6D}.Ad-Hoc|x64.Deploy.0 = Ad-Hoc|iPhone
		{D5504E4E-1776-40EA-B308-E85E936D5B6D}.Ad-Hoc|x86.ActiveCfg = Ad-Hoc|iPhone
		{D5504E4E-1776-40EA-B308-E85E936D5B6D}.Ad-Hoc|x86.Build.0 = Ad-Hoc|iPhone
		{D5504E4E-1776-40EA-B308-E85E936D5B6D}.Ad-Hoc|x86.Deploy.0 = Ad-Hoc|iPhone
		{D5504E4E-1776-40EA-B308-E85E936D5B6D}.AppStore|Any CPU.ActiveCfg = AppStore|iPhone
		{D5504E4E-1776-40EA-B308-E85E936D5B6D}.AppStore|Any CPU.Build.0 = AppStore|iPhone
		{D5504E4E-1776-40EA-B308-E85E936D5B6D}.AppStore|Any CPU.Deploy.0 = AppStore|iPhone
		{D5504E4E-1776-40EA-B308-E85E936D5B6D}.AppStore|ARM.ActiveCfg = AppStore|iPhone
		{D5504E4E-1776-40EA-B308-E85E936D5B6D}.AppStore|ARM.Build.0 = AppStore|iPhone
		{D5504E4E-1776-40EA-B308-E85E936D5B6D}.AppStore|ARM.Deploy.0 = AppStore|iPhone
		{D5504E4E-1776-40EA-B308-E85E936D5B6D}.AppStore|iPhone.ActiveCfg = AppStore|iPhone
		{D5504E4E-1776-40EA-B308-E85E936D5B6D}.AppStore|iPhone.Build.0 = AppStore|iPhone
		{D5504E4E-1776-40EA-B308-E85E936D5B6D}.AppStore|iPhone.Deploy.0 = AppStore|iPhone
		{D5504E4E-1776-40EA-B308-E85E936D5B6D}.AppStore|iPhoneSimulator.ActiveCfg = AppStore|iPhoneSimulator
		{D5504E4E-1776-40EA-B308-E85E936D5B6D}.AppStore|iPhoneSimulator.Build.0 = AppStore|iPhoneSimulator
		{D5504E4E-1776-40EA-B308-E85E936D5B6D}.AppStore|iPhoneSimulator.Deploy.0 = AppStore|iPhoneSimulator
		{D5504E4E-1776-40EA-B308-E85E936D5B6D}.AppStore|x64.ActiveCfg = AppStore|iPhone
		{D5504E4E-1776-40EA-B308-E85E936D5B6D}.AppStore|x64.Build.0 = AppStore|iPhone
		{D5504E4E-1776-40EA-B308-E85E936D5B6D}.AppStore|x64.Deploy.0 = AppStore|iPhone
		{D5504E4E-1776-40EA-B308-E85E936D5B6D}.AppStore|x86.ActiveCfg = AppStore|iPhone
		{D5504E4E-1776-40EA-B308-E85E936D5B6D}.AppStore|x86.Build.0 = AppStore|iPhone
		{D5504E4E-1776-40EA-B308-E85E936D5B6D}.AppStore|x86.Deploy.0 = AppStore|iPhone
		{D5504E4E-1776-40EA-B308-E85E936D5B6D}.Debug|Any CPU.ActiveCfg = Debug|iPhoneSimulator
		{D5504E4E-1776-40EA-B308-E85E936D5B6D}.Debug|Any CPU.Build.0 = Debug|iPhoneSimulator
		{D5504E4E-1776-40EA-B308-E85E936D5B6D}.Debug|Any CPU.Deploy.0 = Debug|iPhoneSimulator
		{D5504E4E-1776-40EA-B308-E85E936D5B6D}.Debug|ARM.ActiveCfg = Debug|iPhone
		{D5504E4E-1776-40EA-B308-E85E936D5B6D}.Debug|ARM.Build.0 = Debug|iPhone
		{D5504E4E-1776-40EA-B308-E85E936D5B6D}.Debug|ARM.Deploy.0 = Debug|iPhone
		{D5504E4E-1776-40EA-B308-E85E936D5B6D}.Debug|iPhone.ActiveCfg = Debug|iPhone
		{D5504E4E-1776-40EA-B308-E85E936D5B6D}.Debug|iPhone.Build.0 = Debug|iPhone
		{D5504E4E-1776-40EA-B308-E85E936D5B6D}.Debug|iPhone.Deploy.0 = Debug|iPhone
		{D5504E4E-1776-40EA-B308-E85E936D5B6D}.Debug|iPhoneSimulator.ActiveCfg = Debug|iPhoneSimulator
		{D5504E4E-1776-40EA-B308-E85E936D5B6D}.Debug|iPhoneSimulator.Build.0 = Debug|iPhoneSimulator
		{D5504E4E-1776-40EA-B308-E85E936D5B6D}.Debug|iPhoneSimulator.Deploy.0 = Debug|iPhoneSimulator
		{D5504E4E-1776-40EA-B308-E85E936D5B6D}.Debug|x64.ActiveCfg = Debug|iPhone
		{D5504E4E-1776-40EA-B308-E85E936D5B6D}.Debug|x64.Build.0 = Debug|iPhone
		{D5504E4E-1776-40EA-B308-E85E936D5B6D}.Debug|x64.Deploy.0 = Debug|iPhone
		{D5504E4E-1776-40EA-B308-E85E936D5B6D}.Debug|x86.ActiveCfg = Debug|iPhone
		{D5504E4E-1776-40EA-B308-E85E936D5B6D}.Debug|x86.Build.0 = Debug|iPhone
		{D5504E4E-1776-40EA-B308-E85E936D5B6D}.Debug|x86.Deploy.0 = Debug|iPhone
		{D5504E4E-1776-40EA-B308-E85E936D5B6D}.Release|Any CPU.ActiveCfg = Release|iPhone
		{D5504E4E-1776-40EA-B308-E85E936D5B6D}.Release|Any CPU.Build.0 = Release|iPhone
		{D5504E4E-1776-40EA-B308-E85E936D5B6D}.Release|Any CPU.Deploy.0 = Release|iPhone
		{D5504E4E-1776-40EA-B308-E85E936D5B6D}.Release|ARM.ActiveCfg = Release|iPhone
		{D5504E4E-1776-40EA-B308-E85E936D5B6D}.Release|ARM.Build.0 = Release|iPhone
		{D5504E4E-1776-40EA-B308-E85E936D5B6D}.Release|ARM.Deploy.0 = Release|iPhone
		{D5504E4E-1776-40EA-B308-E85E936D5B6D}.Release|iPhone.ActiveCfg = Release|iPhone
		{D5504E4E-1776-40EA-B308-E85E936D5B6D}.Release|iPhone.Build.0 = Release|iPhone
		{D5504E4E-1776-40EA-B308-E85E936D5B6D}.Release|iPhone.Deploy.0 = Release|iPhone
		{D5504E4E-1776-40EA-B308-E85E936D5B6D}.Release|iPhoneSimulator.ActiveCfg = Release|iPhoneSimulator
		{D5504E4E-1776-40EA-B308-E85E936D5B6D}.Release|iPhoneSimulator.Build.0 = Release|iPhoneSimulator
		{D5504E4E-1776-40EA-B308-E85E936D5B6D}.Release|iPhoneSimulator.Deploy.0 = Release|iPhoneSimulator
		{D5504E4E-1776-40EA-B308-E85E936D5B6D}.Release|x64.ActiveCfg = Release|iPhone
		{D5504E4E-1776-40EA-B308-E85E936D5B6D}.Release|x64.Build.0 = Release|iPhone
		{D5504E4E-1776-40EA-B308-E85E936D5B6D}.Release|x64.Deploy.0 = Release|iPhone
		{D5504E4E-1776-40EA-B308-E85E936D5B6D}.Release|x86.ActiveCfg = Release|iPhone
		{D5504E4E-1776-40EA-B308-E85E936D5B6D}.Release|x86.Build.0 = Release|iPhone
		{D5504E4E-1776-40EA-B308-E85E936D5B6D}.Release|x86.Deploy.0 = Release|iPhone
		{89EEE47E-4A4E-48E6-A327-56B0618095B2}.Ad-Hoc|Any CPU.ActiveCfg = Release|x86
		{89EEE47E-4A4E-48E6-A327-56B0618095B2}.Ad-Hoc|Any CPU.Build.0 = Release|x86
		{89EEE47E-4A4E-48E6-A327-56B0618095B2}.Ad-Hoc|Any CPU.Deploy.0 = Release|x86
		{89EEE47E-4A4E-48E6-A327-56B0618095B2}.Ad-Hoc|ARM.ActiveCfg = Release|ARM
		{89EEE47E-4A4E-48E6-A327-56B0618095B2}.Ad-Hoc|ARM.Build.0 = Release|ARM
		{89EEE47E-4A4E-48E6-A327-56B0618095B2}.Ad-Hoc|ARM.Deploy.0 = Release|ARM
		{89EEE47E-4A4E-48E6-A327-56B0618095B2}.Ad-Hoc|iPhone.ActiveCfg = Release|x86
		{89EEE47E-4A4E-48E6-A327-56B0618095B2}.Ad-Hoc|iPhone.Build.0 = Release|x86
		{89EEE47E-4A4E-48E6-A327-56B0618095B2}.Ad-Hoc|iPhone.Deploy.0 = Release|x86
		{89EEE47E-4A4E-48E6-A327-56B0618095B2}.Ad-Hoc|iPhoneSimulator.ActiveCfg = Release|x86
		{89EEE47E-4A4E-48E6-A327-56B0618095B2}.Ad-Hoc|iPhoneSimulator.Build.0 = Release|x86
		{89EEE47E-4A4E-48E6-A327-56B0618095B2}.Ad-Hoc|iPhoneSimulator.Deploy.0 = Release|x86
		{89EEE47E-4A4E-48E6-A327-56B0618095B2}.Ad-Hoc|x64.ActiveCfg = Release|x64
		{89EEE47E-4A4E-48E6-A327-56B0618095B2}.Ad-Hoc|x64.Build.0 = Release|x64
		{89EEE47E-4A4E-48E6-A327-56B0618095B2}.Ad-Hoc|x64.Deploy.0 = Release|x64
		{89EEE47E-4A4E-48E6-A327-56B0618095B2}.Ad-Hoc|x86.ActiveCfg = Release|x86
		{89EEE47E-4A4E-48E6-A327-56B0618095B2}.Ad-Hoc|x86.Build.0 = Release|x86
		{89EEE47E-4A4E-48E6-A327-56B0618095B2}.Ad-Hoc|x86.Deploy.0 = Release|x86
		{89EEE47E-4A4E-48E6-A327-56B0618095B2}.AppStore|Any CPU.ActiveCfg = Release|x86
		{89EEE47E-4A4E-48E6-A327-56B0618095B2}.AppStore|Any CPU.Build.0 = Release|x86
		{89EEE47E-4A4E-48E6-A327-56B0618095B2}.AppStore|Any CPU.Deploy.0 = Release|x86
		{89EEE47E-4A4E-48E6-A327-56B0618095B2}.AppStore|ARM.ActiveCfg = Release|ARM
		{89EEE47E-4A4E-48E6-A327-56B0618095B2}.AppStore|ARM.Build.0 = Release|ARM
		{89EEE47E-4A4E-48E6-A327-56B0618095B2}.AppStore|ARM.Deploy.0 = Release|ARM
		{89EEE47E-4A4E-48E6-A327-56B0618095B2}.AppStore|iPhone.ActiveCfg = Release|x86
		{89EEE47E-4A4E-48E6-A327-56B0618095B2}.AppStore|iPhone.Build.0 = Release|x86
		{89EEE47E-4A4E-48E6-A327-56B0618095B2}.AppStore|iPhone.Deploy.0 = Release|x86
		{89EEE47E-4A4E-48E6-A327-56B0618095B2}.AppStore|iPhoneSimulator.ActiveCfg = Release|x86
		{89EEE47E-4A4E-48E6-A327-56B0618095B2}.AppStore|iPhoneSimulator.Build.0 = Release|x86
		{89EEE47E-4A4E-48E6-A327-56B0618095B2}.AppStore|iPhoneSimulator.Deploy.0 = Release|x86
		{89EEE47E-4A4E-48E6-A327-56B0618095B2}.AppStore|x64.ActiveCfg = Release|x64
		{89EEE47E-4A4E-48E6-A327-56B0618095B2}.AppStore|x64.Build.0 = Release|x64
		{89EEE47E-4A4E-48E6-A327-56B0618095B2}.AppStore|x64.Deploy.0 = Release|x64
		{89EEE47E-4A4E-48E6-A327-56B0618095B2}.AppStore|x86.ActiveCfg = Release|x86
		{89EEE47E-4A4E-48E6-A327-56B0618095B2}.AppStore|x86.Build.0 = Release|x86
		{89EEE47E-4A4E-48E6-A327-56B0618095B2}.AppStore|x86.Deploy.0 = Release|x86
		{89EEE47E-4A4E-48E6-A327-56B0618095B2}.Debug|Any CPU.ActiveCfg = Debug|x86
		{89EEE47E-4A4E-48E6-A327-56B0618095B2}.Debug|Any CPU.Build.0 = Debug|x86
		{89EEE47E-4A4E-48E6-A327-56B0618095B2}.Debug|Any CPU.Deploy.0 = Debug|x86
		{89EEE47E-4A4E-48E6-A327-56B0618095B2}.Debug|ARM.ActiveCfg = Debug|ARM
		{89EEE47E-4A4E-48E6-A327-56B0618095B2}.Debug|ARM.Build.0 = Debug|ARM
		{89EEE47E-4A4E-48E6-A327-56B0618095B2}.Debug|ARM.Deploy.0 = Debug|ARM
		{89EEE47E-4A4E-48E6-A327-56B0618095B2}.Debug|iPhone.ActiveCfg = Debug|x86
		{89EEE47E-4A4E-48E6-A327-56B0618095B2}.Debug|iPhone.Build.0 = Debug|x86
		{89EEE47E-4A4E-48E6-A327-56B0618095B2}.Debug|iPhone.Deploy.0 = Debug|x86
		{89EEE47E-4A4E-48E6-A327-56B0618095B2}.Debug|iPhoneSimulator.ActiveCfg = Debug|x86
		{89EEE47E-4A4E-48E6-A327-56B0618095B2}.Debug|iPhoneSimulator.Build.0 = Debug|x86
		{89EEE47E-4A4E-48E6-A327-56B0618095B2}.Debug|iPhoneSimulator.Deploy.0 = Debug|x86
		{89EEE47E-4A4E-48E6-A327-56B0618095B2}.Debug|x64.ActiveCfg = Debug|x64
		{89EEE47E-4A4E-48E6-A327-56B0618095B2}.Debug|x64.Build.0 = Debug|x64
		{89EEE47E-4A4E-48E6-A327-56B0618095B2}.Debug|x64.Deploy.0 = Debug|x64
		{89EEE47E-4A4E-48E6-A327-56B0618095B2}.Debug|x86.ActiveCfg = Debug|x86
		{89EEE47E-4A4E-48E6-A327-56B0618095B2}.Debug|x86.Build.0 = Debug|x86
		{89EEE47E-4A4E-48E6-A327-56B0618095B2}.Debug|x86.Deploy.0 = Debug|x86
		{89EEE47E-4A4E-48E6-A327-56B0618095B2}.Release|Any CPU.ActiveCfg = Release|x86
		{89EEE47E-4A4E-48E6-A327-56B0618095B2}.Release|Any CPU.Build.0 = Release|x86
		{89EEE47E-4A4E-48E6-A327-56B0618095B2}.Release|Any CPU.Deploy.0 = Release|x86
		{89EEE47E-4A4E-48E6-A327-56B0618095B2}.Release|ARM.ActiveCfg = Release|ARM
		{89EEE47E-4A4E-48E6-A327-56B0618095B2}.Release|ARM.Build.0 = Release|ARM
		{89EEE47E-4A4E-48E6-A327-56B0618095B2}.Release|ARM.Deploy.0 = Release|ARM
		{89EEE47E-4A4E-48E6-A327-56B0618095B2}.Release|iPhone.ActiveCfg = Release|x86
		{89EEE47E-4A4E-48E6-A327-56B0618095B2}.Release|iPhone.Build.0 = Release|x86
		{89EEE47E-4A4E-48E6-A327-56B0618095B2}.Release|iPhone.Deploy.0 = Release|x86
		{89EEE47E-4A4E-48E6-A327-56B0618095B2}.Release|iPhoneSimulator.ActiveCfg = Release|x86
		{89EEE47E-4A4E-48E6-A327-56B0618095B2}.Release|iPhoneSimulator.Build.0 = Release|x86
		{89EEE47E-4A4E-48E6-A327-56B0618095B2}.Release|iPhoneSimulator.Deploy.0 = Release|x86
		{89EEE47E-4A4E-48E6-A327-56B0618095B2}.Release|x64.ActiveCfg = Release|x64
		{89EEE47E-4A4E-48E6-A327-56B0618095B2}.Release|x64.Build.0 = Release|x64
		{89EEE47E-4A4E-48E6-A327-56B0618095B2}.Release|x64.Deploy.0 = Release|x64
		{89EEE47E-4A4E-48E6-A327-56B0618095B2}.Release|x86.ActiveCfg = Release|x86
		{89EEE47E-4A4E-48E6-A327-56B0618095B2}.Release|x86.Build.0 = Release|x86
		{89EEE47E-4A4E-48E6-A327-56B0618095B2}.Release|x86.Deploy.0 = Release|x86
		{9B2FE30D-472F-4D07-ABC0-04EFB713E00E}.Ad-Hoc|Any CPU.ActiveCfg = Debug|Any CPU
		{9B2FE30D-472F-4D07-ABC0-04EFB713E00E}.Ad-Hoc|Any CPU.Build.0 = Debug|Any CPU
		{9B2FE30D-472F-4D07-ABC0-04EFB713E00E}.Ad-Hoc|Any CPU.Deploy.0 = Debug|Any CPU
		{9B2FE30D-472F-4D07-ABC0-04EFB713E00E}.Ad-Hoc|ARM.ActiveCfg = Debug|Any CPU
		{9B2FE30D-472F-4D07-ABC0-04EFB713E00E}.Ad-Hoc|ARM.Build.0 = Debug|Any CPU
		{9B2FE30D-472F-4D07-ABC0-04EFB713E00E}.Ad-Hoc|ARM.Deploy.0 = Debug|Any CPU
		{9B2FE30D-472F-4D07-ABC0-04EFB713E00E}.Ad-Hoc|iPhone.ActiveCfg = Debug|Any CPU
		{9B2FE30D-472F-4D07-ABC0-04EFB713E00E}.Ad-Hoc|iPhone.Build.0 = Debug|Any CPU
		{9B2FE30D-472F-4D07-ABC0-04EFB713E00E}.Ad-Hoc|iPhone.Deploy.0 = Debug|Any CPU
		{9B2FE30D-472F-4D07-ABC0-04EFB713E00E}.Ad-Hoc|iPhoneSimulator.ActiveCfg = Debug|Any CPU
		{9B2FE30D-472F-4D07-ABC0-04EFB713E00E}.Ad-Hoc|iPhoneSimulator.Build.0 = Debug|Any CPU
		{9B2FE30D-472F-4D07-ABC0-04EFB713E00E}.Ad-Hoc|iPhoneSimulator.Deploy.0 = Debug|Any CPU
		{9B2FE30D-472F-4D07-ABC0-04EFB713E00E}.Ad-Hoc|x64.ActiveCfg = Debug|Any CPU
		{9B2FE30D-472F-4D07-ABC0-04EFB713E00E}.Ad-Hoc|x64.Build.0 = Debug|Any CPU
		{9B2FE30D-472F-4D07-ABC0-04EFB713E00E}.Ad-Hoc|x64.Deploy.0 = Debug|Any CPU
		{9B2FE30D-472F-4D07-ABC0-04EFB713E00E}.Ad-Hoc|x86.ActiveCfg = Debug|Any CPU
		{9B2FE30D-472F-4D07-ABC0-04EFB713E00E}.Ad-Hoc|x86.Build.0 = Debug|Any CPU
		{9B2FE30D-472F-4D07-ABC0-04EFB713E00E}.Ad-Hoc|x86.Deploy.0 = Debug|Any CPU
		{9B2FE30D-472F-4D07-ABC0-04EFB713E00E}.AppStore|Any CPU.ActiveCfg = Debug|Any CPU
		{9B2FE30D-472F-4D07-ABC0-04EFB713E00E}.AppStore|Any CPU.Build.0 = Debug|Any CPU
		{9B2FE30D-472F-4D07-ABC0-04EFB713E00E}.AppStore|Any CPU.Deploy.0 = Debug|Any CPU
		{9B2FE30D-472F-4D07-ABC0-04EFB713E00E}.AppStore|ARM.ActiveCfg = Debug|Any CPU
		{9B2FE30D-472F-4D07-ABC0-04EFB713E00E}.AppStore|ARM.Build.0 = Debug|Any CPU
		{9B2FE30D-472F-4D07-ABC0-04EFB713E00E}.AppStore|ARM.Deploy.0 = Debug|Any CPU
		{9B2FE30D-472F-4D07-ABC0-04EFB713E00E}.AppStore|iPhone.ActiveCfg = Debug|Any CPU
		{9B2FE30D-472F-4D07-ABC0-04EFB713E00E}.AppStore|iPhone.Build.0 = Debug|Any CPU
		{9B2FE30D-472F-4D07-ABC0-04EFB713E00E}.AppStore|iPhone.Deploy.0 = Debug|Any CPU
		{9B2FE30D-472F-4D07-ABC0-04EFB713E00E}.AppStore|iPhoneSimulator.ActiveCfg = Debug|Any CPU
		{9B2FE30D-472F-4D07-ABC0-04EFB713E00E}.AppStore|iPhoneSimulator.Build.0 = Debug|Any CPU
		{9B2FE30D-472F-4D07-ABC0-04EFB713E00E}.AppStore|iPhoneSimulator.Deploy.0 = Debug|Any CPU
		{9B2FE30D-472F-4D07-ABC0-04EFB713E00E}.AppStore|x64.ActiveCfg = Debug|Any CPU
		{9B2FE30D-472F-4D07-ABC0-04EFB713E00E}.AppStore|x64.Build.0 = Debug|Any CPU
		{9B2FE30D-472F-4D07-ABC0-04EFB713E00E}.AppStore|x64.Deploy.0 = Debug|Any CPU
		{9B2FE30D-472F-4D07-ABC0-04EFB713E00E}.AppStore|x86.ActiveCfg = Debug|Any CPU
		{9B2FE30D-472F-4D07-ABC0-04EFB713E00E}.AppStore|x86.Build.0 = Debug|Any CPU
		{9B2FE30D-472F-4D07-ABC0-04EFB713E00E}.AppStore|x86.Deploy.0 = Debug|Any CPU
		{9B2FE30D-472F-4D07-ABC0-04EFB713E00E}.Debug|Any CPU.ActiveCfg = Debug|Any CPU
		{9B2FE30D-472F-4D07-ABC0-04EFB713E00E}.Debug|Any CPU.Build.0 = Debug|Any CPU
		{9B2FE30D-472F-4D07-ABC0-04EFB713E00E}.Debug|Any CPU.Deploy.0 = Debug|Any CPU
		{9B2FE30D-472F-4D07-ABC0-04EFB713E00E}.Debug|ARM.ActiveCfg = Debug|Any CPU
		{9B2FE30D-472F-4D07-ABC0-04EFB713E00E}.Debug|ARM.Build.0 = Debug|Any CPU
		{9B2FE30D-472F-4D07-ABC0-04EFB713E00E}.Debug|ARM.Deploy.0 = Debug|Any CPU
		{9B2FE30D-472F-4D07-ABC0-04EFB713E00E}.Debug|iPhone.ActiveCfg = Debug|Any CPU
		{9B2FE30D-472F-4D07-ABC0-04EFB713E00E}.Debug|iPhone.Build.0 = Debug|Any CPU
		{9B2FE30D-472F-4D07-ABC0-04EFB713E00E}.Debug|iPhone.Deploy.0 = Debug|Any CPU
		{9B2FE30D-472F-4D07-ABC0-04EFB713E00E}.Debug|iPhoneSimulator.ActiveCfg = Debug|Any CPU
		{9B2FE30D-472F-4D07-ABC0-04EFB713E00E}.Debug|iPhoneSimulator.Build.0 = Debug|Any CPU
		{9B2FE30D-472F-4D07-ABC0-04EFB713E00E}.Debug|iPhoneSimulator.Deploy.0 = Debug|Any CPU
		{9B2FE30D-472F-4D07-ABC0-04EFB713E00E}.Debug|x64.ActiveCfg = Debug|Any CPU
		{9B2FE30D-472F-4D07-ABC0-04EFB713E00E}.Debug|x64.Build.0 = Debug|Any CPU
		{9B2FE30D-472F-4D07-ABC0-04EFB713E00E}.Debug|x64.Deploy.0 = Debug|Any CPU
		{9B2FE30D-472F-4D07-ABC0-04EFB713E00E}.Debug|x86.ActiveCfg = Debug|Any CPU
		{9B2FE30D-472F-4D07-ABC0-04EFB713E00E}.Debug|x86.Build.0 = Debug|Any CPU
		{9B2FE30D-472F-4D07-ABC0-04EFB713E00E}.Debug|x86.Deploy.0 = Debug|Any CPU
		{9B2FE30D-472F-4D07-ABC0-04EFB713E00E}.Release|Any CPU.ActiveCfg = Release|Any CPU
		{9B2FE30D-472F-4D07-ABC0-04EFB713E00E}.Release|Any CPU.Build.0 = Release|Any CPU
		{9B2FE30D-472F-4D07-ABC0-04EFB713E00E}.Release|Any CPU.Deploy.0 = Release|Any CPU
		{9B2FE30D-472F-4D07-ABC0-04EFB713E00E}.Release|ARM.ActiveCfg = Release|Any CPU
		{9B2FE30D-472F-4D07-ABC0-04EFB713E00E}.Release|ARM.Build.0 = Release|Any CPU
		{9B2FE30D-472F-4D07-ABC0-04EFB713E00E}.Release|ARM.Deploy.0 = Release|Any CPU
		{9B2FE30D-472F-4D07-ABC0-04EFB713E00E}.Release|iPhone.ActiveCfg = Release|Any CPU
		{9B2FE30D-472F-4D07-ABC0-04EFB713E00E}.Release|iPhone.Build.0 = Release|Any CPU
		{9B2FE30D-472F-4D07-ABC0-04EFB713E00E}.Release|iPhone.Deploy.0 = Release|Any CPU
		{9B2FE30D-472F-4D07-ABC0-04EFB713E00E}.Release|iPhoneSimulator.ActiveCfg = Release|Any CPU
		{9B2FE30D-472F-4D07-ABC0-04EFB713E00E}.Release|iPhoneSimulator.Build.0 = Release|Any CPU
		{9B2FE30D-472F-4D07-ABC0-04EFB713E00E}.Release|iPhoneSimulator.Deploy.0 = Release|Any CPU
		{9B2FE30D-472F-4D07-ABC0-04EFB713E00E}.Release|x64.ActiveCfg = Release|Any CPU
		{9B2FE30D-472F-4D07-ABC0-04EFB713E00E}.Release|x64.Build.0 = Release|Any CPU
		{9B2FE30D-472F-4D07-ABC0-04EFB713E00E}.Release|x64.Deploy.0 = Release|Any CPU
		{9B2FE30D-472F-4D07-ABC0-04EFB713E00E}.Release|x86.ActiveCfg = Release|Any CPU
		{9B2FE30D-472F-4D07-ABC0-04EFB713E00E}.Release|x86.Build.0 = Release|Any CPU
		{9B2FE30D-472F-4D07-ABC0-04EFB713E00E}.Release|x86.Deploy.0 = Release|Any CPU
		{3AFF7F73-BF09-444A-9D8C-8D760D079C6F}.Ad-Hoc|Any CPU.ActiveCfg = Release|Any CPU
		{3AFF7F73-BF09-444A-9D8C-8D760D079C6F}.Ad-Hoc|Any CPU.Build.0 = Release|Any CPU
		{3AFF7F73-BF09-444A-9D8C-8D760D079C6F}.Ad-Hoc|ARM.ActiveCfg = Release|Any CPU
		{3AFF7F73-BF09-444A-9D8C-8D760D079C6F}.Ad-Hoc|ARM.Build.0 = Release|Any CPU
		{3AFF7F73-BF09-444A-9D8C-8D760D079C6F}.Ad-Hoc|iPhone.ActiveCfg = Release|Any CPU
		{3AFF7F73-BF09-444A-9D8C-8D760D079C6F}.Ad-Hoc|iPhone.Build.0 = Release|Any CPU
		{3AFF7F73-BF09-444A-9D8C-8D760D079C6F}.Ad-Hoc|iPhoneSimulator.ActiveCfg = Release|Any CPU
		{3AFF7F73-BF09-444A-9D8C-8D760D079C6F}.Ad-Hoc|iPhoneSimulator.Build.0 = Release|Any CPU
		{3AFF7F73-BF09-444A-9D8C-8D760D079C6F}.Ad-Hoc|x64.ActiveCfg = Release|Any CPU
		{3AFF7F73-BF09-444A-9D8C-8D760D079C6F}.Ad-Hoc|x64.Build.0 = Release|Any CPU
		{3AFF7F73-BF09-444A-9D8C-8D760D079C6F}.Ad-Hoc|x86.ActiveCfg = Release|Any CPU
		{3AFF7F73-BF09-444A-9D8C-8D760D079C6F}.Ad-Hoc|x86.Build.0 = Release|Any CPU
		{3AFF7F73-BF09-444A-9D8C-8D760D079C6F}.AppStore|Any CPU.ActiveCfg = Release|Any CPU
		{3AFF7F73-BF09-444A-9D8C-8D760D079C6F}.AppStore|Any CPU.Build.0 = Release|Any CPU
		{3AFF7F73-BF09-444A-9D8C-8D760D079C6F}.AppStore|ARM.ActiveCfg = Release|Any CPU
		{3AFF7F73-BF09-444A-9D8C-8D760D079C6F}.AppStore|ARM.Build.0 = Release|Any CPU
		{3AFF7F73-BF09-444A-9D8C-8D760D079C6F}.AppStore|iPhone.ActiveCfg = Release|Any CPU
		{3AFF7F73-BF09-444A-9D8C-8D760D079C6F}.AppStore|iPhone.Build.0 = Release|Any CPU
		{3AFF7F73-BF09-444A-9D8C-8D760D079C6F}.AppStore|iPhoneSimulator.ActiveCfg = Release|Any CPU
		{3AFF7F73-BF09-444A-9D8C-8D760D079C6F}.AppStore|iPhoneSimulator.Build.0 = Release|Any CPU
		{3AFF7F73-BF09-444A-9D8C-8D760D079C6F}.AppStore|x64.ActiveCfg = Release|Any CPU
		{3AFF7F73-BF09-444A-9D8C-8D760D079C6F}.AppStore|x64.Build.0 = Release|Any CPU
		{3AFF7F73-BF09-444A-9D8C-8D760D079C6F}.AppStore|x86.ActiveCfg = Release|Any CPU
		{3AFF7F73-BF09-444A-9D8C-8D760D079C6F}.AppStore|x86.Build.0 = Release|Any CPU
		{3AFF7F73-BF09-444A-9D8C-8D760D079C6F}.Debug|Any CPU.ActiveCfg = Debug|Any CPU
		{3AFF7F73-BF09-444A-9D8C-8D760D079C6F}.Debug|Any CPU.Build.0 = Debug|Any CPU
		{3AFF7F73-BF09-444A-9D8C-8D760D079C6F}.Debug|ARM.ActiveCfg = Debug|Any CPU
		{3AFF7F73-BF09-444A-9D8C-8D760D079C6F}.Debug|ARM.Build.0 = Debug|Any CPU
		{3AFF7F73-BF09-444A-9D8C-8D760D079C6F}.Debug|iPhone.ActiveCfg = Debug|Any CPU
		{3AFF7F73-BF09-444A-9D8C-8D760D079C6F}.Debug|iPhone.Build.0 = Debug|Any CPU
		{3AFF7F73-BF09-444A-9D8C-8D760D079C6F}.Debug|iPhoneSimulator.ActiveCfg = Debug|Any CPU
		{3AFF7F73-BF09-444A-9D8C-8D760D079C6F}.Debug|iPhoneSimulator.Build.0 = Debug|Any CPU
		{3AFF7F73-BF09-444A-9D8C-8D760D079C6F}.Debug|x64.ActiveCfg = Debug|Any CPU
		{3AFF7F73-BF09-444A-9D8C-8D760D079C6F}.Debug|x64.Build.0 = Debug|Any CPU
		{3AFF7F73-BF09-444A-9D8C-8D760D079C6F}.Debug|x86.ActiveCfg = Debug|Any CPU
		{3AFF7F73-BF09-444A-9D8C-8D760D079C6F}.Debug|x86.Build.0 = Debug|Any CPU
		{3AFF7F73-BF09-444A-9D8C-8D760D079C6F}.Release|Any CPU.ActiveCfg = Release|Any CPU
		{3AFF7F73-BF09-444A-9D8C-8D760D079C6F}.Release|Any CPU.Build.0 = Release|Any CPU
		{3AFF7F73-BF09-444A-9D8C-8D760D079C6F}.Release|ARM.ActiveCfg = Release|Any CPU
		{3AFF7F73-BF09-444A-9D8C-8D760D079C6F}.Release|ARM.Build.0 = Release|Any CPU
		{3AFF7F73-BF09-444A-9D8C-8D760D079C6F}.Release|iPhone.ActiveCfg = Release|Any CPU
		{3AFF7F73-BF09-444A-9D8C-8D760D079C6F}.Release|iPhone.Build.0 = Release|Any CPU
		{3AFF7F73-BF09-444A-9D8C-8D760D079C6F}.Release|iPhoneSimulator.ActiveCfg = Release|Any CPU
		{3AFF7F73-BF09-444A-9D8C-8D760D079C6F}.Release|iPhoneSimulator.Build.0 = Release|Any CPU
		{3AFF7F73-BF09-444A-9D8C-8D760D079C6F}.Release|x64.ActiveCfg = Release|Any CPU
		{3AFF7F73-BF09-444A-9D8C-8D760D079C6F}.Release|x64.Build.0 = Release|Any CPU
		{3AFF7F73-BF09-444A-9D8C-8D760D079C6F}.Release|x86.ActiveCfg = Release|Any CPU
		{3AFF7F73-BF09-444A-9D8C-8D760D079C6F}.Release|x86.Build.0 = Release|Any CPU
		{C7AC9A0E-8DCE-4958-B46F-6899649B6C40}.Ad-Hoc|Any CPU.ActiveCfg = Release|Any CPU
		{C7AC9A0E-8DCE-4958-B46F-6899649B6C40}.Ad-Hoc|Any CPU.Build.0 = Release|Any CPU
		{C7AC9A0E-8DCE-4958-B46F-6899649B6C40}.Ad-Hoc|ARM.ActiveCfg = Release|Any CPU
		{C7AC9A0E-8DCE-4958-B46F-6899649B6C40}.Ad-Hoc|ARM.Build.0 = Release|Any CPU
		{C7AC9A0E-8DCE-4958-B46F-6899649B6C40}.Ad-Hoc|iPhone.ActiveCfg = Release|Any CPU
		{C7AC9A0E-8DCE-4958-B46F-6899649B6C40}.Ad-Hoc|iPhone.Build.0 = Release|Any CPU
		{C7AC9A0E-8DCE-4958-B46F-6899649B6C40}.Ad-Hoc|iPhoneSimulator.ActiveCfg = Release|Any CPU
		{C7AC9A0E-8DCE-4958-B46F-6899649B6C40}.Ad-Hoc|iPhoneSimulator.Build.0 = Release|Any CPU
		{C7AC9A0E-8DCE-4958-B46F-6899649B6C40}.Ad-Hoc|x64.ActiveCfg = Release|Any CPU
		{C7AC9A0E-8DCE-4958-B46F-6899649B6C40}.Ad-Hoc|x64.Build.0 = Release|Any CPU
		{C7AC9A0E-8DCE-4958-B46F-6899649B6C40}.Ad-Hoc|x86.ActiveCfg = Release|Any CPU
		{C7AC9A0E-8DCE-4958-B46F-6899649B6C40}.Ad-Hoc|x86.Build.0 = Release|Any CPU
		{C7AC9A0E-8DCE-4958-B46F-6899649B6C40}.AppStore|Any CPU.ActiveCfg = Release|Any CPU
		{C7AC9A0E-8DCE-4958-B46F-6899649B6C40}.AppStore|Any CPU.Build.0 = Release|Any CPU
		{C7AC9A0E-8DCE-4958-B46F-6899649B6C40}.AppStore|ARM.ActiveCfg = Release|Any CPU
		{C7AC9A0E-8DCE-4958-B46F-6899649B6C40}.AppStore|ARM.Build.0 = Release|Any CPU
		{C7AC9A0E-8DCE-4958-B46F-6899649B6C40}.AppStore|iPhone.ActiveCfg = Release|Any CPU
		{C7AC9A0E-8DCE-4958-B46F-6899649B6C40}.AppStore|iPhone.Build.0 = Release|Any CPU
		{C7AC9A0E-8DCE-4958-B46F-6899649B6C40}.AppStore|iPhoneSimulator.ActiveCfg = Release|Any CPU
		{C7AC9A0E-8DCE-4958-B46F-6899649B6C40}.AppStore|iPhoneSimulator.Build.0 = Release|Any CPU
		{C7AC9A0E-8DCE-4958-B46F-6899649B6C40}.AppStore|x64.ActiveCfg = Release|Any CPU
		{C7AC9A0E-8DCE-4958-B46F-6899649B6C40}.AppStore|x64.Build.0 = Release|Any CPU
		{C7AC9A0E-8DCE-4958-B46F-6899649B6C40}.AppStore|x86.ActiveCfg = Release|Any CPU
		{C7AC9A0E-8DCE-4958-B46F-6899649B6C40}.AppStore|x86.Build.0 = Release|Any CPU
		{C7AC9A0E-8DCE-4958-B46F-6899649B6C40}.Debug|Any CPU.ActiveCfg = Debug|Any CPU
		{C7AC9A0E-8DCE-4958-B46F-6899649B6C40}.Debug|Any CPU.Build.0 = Debug|Any CPU
		{C7AC9A0E-8DCE-4958-B46F-6899649B6C40}.Debug|ARM.ActiveCfg = Debug|Any CPU
		{C7AC9A0E-8DCE-4958-B46F-6899649B6C40}.Debug|ARM.Build.0 = Debug|Any CPU
		{C7AC9A0E-8DCE-4958-B46F-6899649B6C40}.Debug|iPhone.ActiveCfg = Debug|Any CPU
		{C7AC9A0E-8DCE-4958-B46F-6899649B6C40}.Debug|iPhone.Build.0 = Debug|Any CPU
		{C7AC9A0E-8DCE-4958-B46F-6899649B6C40}.Debug|iPhoneSimulator.ActiveCfg = Debug|Any CPU
		{C7AC9A0E-8DCE-4958-B46F-6899649B6C40}.Debug|iPhoneSimulator.Build.0 = Debug|Any CPU
		{C7AC9A0E-8DCE-4958-B46F-6899649B6C40}.Debug|x64.ActiveCfg = Debug|Any CPU
		{C7AC9A0E-8DCE-4958-B46F-6899649B6C40}.Debug|x64.Build.0 = Debug|Any CPU
		{C7AC9A0E-8DCE-4958-B46F-6899649B6C40}.Debug|x86.ActiveCfg = Debug|Any CPU
		{C7AC9A0E-8DCE-4958-B46F-6899649B6C40}.Debug|x86.Build.0 = Debug|Any CPU
		{C7AC9A0E-8DCE-4958-B46F-6899649B6C40}.Release|Any CPU.ActiveCfg = Release|Any CPU
		{C7AC9A0E-8DCE-4958-B46F-6899649B6C40}.Release|Any CPU.Build.0 = Release|Any CPU
		{C7AC9A0E-8DCE-4958-B46F-6899649B6C40}.Release|ARM.ActiveCfg = Release|Any CPU
		{C7AC9A0E-8DCE-4958-B46F-6899649B6C40}.Release|ARM.Build.0 = Release|Any CPU
		{C7AC9A0E-8DCE-4958-B46F-6899649B6C40}.Release|iPhone.ActiveCfg = Release|Any CPU
		{C7AC9A0E-8DCE-4958-B46F-6899649B6C40}.Release|iPhone.Build.0 = Release|Any CPU
		{C7AC9A0E-8DCE-4958-B46F-6899649B6C40}.Release|iPhoneSimulator.ActiveCfg = Release|Any CPU
		{C7AC9A0E-8DCE-4958-B46F-6899649B6C40}.Release|iPhoneSimulator.Build.0 = Release|Any CPU
		{C7AC9A0E-8DCE-4958-B46F-6899649B6C40}.Release|x64.ActiveCfg = Release|Any CPU
		{C7AC9A0E-8DCE-4958-B46F-6899649B6C40}.Release|x64.Build.0 = Release|Any CPU
		{C7AC9A0E-8DCE-4958-B46F-6899649B6C40}.Release|x86.ActiveCfg = Release|Any CPU
		{C7AC9A0E-8DCE-4958-B46F-6899649B6C40}.Release|x86.Build.0 = Release|Any CPU
		{31A56D50-4391-4357-9E16-06B361B5921B}.Ad-Hoc|Any CPU.ActiveCfg = Release|Any CPU
		{31A56D50-4391-4357-9E16-06B361B5921B}.Ad-Hoc|Any CPU.Build.0 = Release|Any CPU
		{31A56D50-4391-4357-9E16-06B361B5921B}.Ad-Hoc|ARM.ActiveCfg = Release|Any CPU
		{31A56D50-4391-4357-9E16-06B361B5921B}.Ad-Hoc|ARM.Build.0 = Release|Any CPU
		{31A56D50-4391-4357-9E16-06B361B5921B}.Ad-Hoc|iPhone.ActiveCfg = Release|Any CPU
		{31A56D50-4391-4357-9E16-06B361B5921B}.Ad-Hoc|iPhone.Build.0 = Release|Any CPU
		{31A56D50-4391-4357-9E16-06B361B5921B}.Ad-Hoc|iPhoneSimulator.ActiveCfg = Release|Any CPU
		{31A56D50-4391-4357-9E16-06B361B5921B}.Ad-Hoc|iPhoneSimulator.Build.0 = Release|Any CPU
		{31A56D50-4391-4357-9E16-06B361B5921B}.Ad-Hoc|x64.ActiveCfg = Release|Any CPU
		{31A56D50-4391-4357-9E16-06B361B5921B}.Ad-Hoc|x64.Build.0 = Release|Any CPU
		{31A56D50-4391-4357-9E16-06B361B5921B}.Ad-Hoc|x86.ActiveCfg = Release|Any CPU
		{31A56D50-4391-4357-9E16-06B361B5921B}.Ad-Hoc|x86.Build.0 = Release|Any CPU
		{31A56D50-4391-4357-9E16-06B361B5921B}.AppStore|Any CPU.ActiveCfg = Release|Any CPU
		{31A56D50-4391-4357-9E16-06B361B5921B}.AppStore|Any CPU.Build.0 = Release|Any CPU
		{31A56D50-4391-4357-9E16-06B361B5921B}.AppStore|ARM.ActiveCfg = Release|Any CPU
		{31A56D50-4391-4357-9E16-06B361B5921B}.AppStore|ARM.Build.0 = Release|Any CPU
		{31A56D50-4391-4357-9E16-06B361B5921B}.AppStore|iPhone.ActiveCfg = Release|Any CPU
		{31A56D50-4391-4357-9E16-06B361B5921B}.AppStore|iPhone.Build.0 = Release|Any CPU
		{31A56D50-4391-4357-9E16-06B361B5921B}.AppStore|iPhoneSimulator.ActiveCfg = Release|Any CPU
		{31A56D50-4391-4357-9E16-06B361B5921B}.AppStore|iPhoneSimulator.Build.0 = Release|Any CPU
		{31A56D50-4391-4357-9E16-06B361B5921B}.AppStore|x64.ActiveCfg = Release|Any CPU
		{31A56D50-4391-4357-9E16-06B361B5921B}.AppStore|x64.Build.0 = Release|Any CPU
		{31A56D50-4391-4357-9E16-06B361B5921B}.AppStore|x86.ActiveCfg = Release|Any CPU
		{31A56D50-4391-4357-9E16-06B361B5921B}.AppStore|x86.Build.0 = Release|Any CPU
		{31A56D50-4391-4357-9E16-06B361B5921B}.Debug|Any CPU.ActiveCfg = Debug|Any CPU
		{31A56D50-4391-4357-9E16-06B361B5921B}.Debug|Any CPU.Build.0 = Debug|Any CPU
		{31A56D50-4391-4357-9E16-06B361B5921B}.Debug|ARM.ActiveCfg = Debug|Any CPU
		{31A56D50-4391-4357-9E16-06B361B5921B}.Debug|ARM.Build.0 = Debug|Any CPU
		{31A56D50-4391-4357-9E16-06B361B5921B}.Debug|iPhone.ActiveCfg = Debug|Any CPU
		{31A56D50-4391-4357-9E16-06B361B5921B}.Debug|iPhone.Build.0 = Debug|Any CPU
		{31A56D50-4391-4357-9E16-06B361B5921B}.Debug|iPhoneSimulator.ActiveCfg = Debug|Any CPU
		{31A56D50-4391-4357-9E16-06B361B5921B}.Debug|iPhoneSimulator.Build.0 = Debug|Any CPU
		{31A56D50-4391-4357-9E16-06B361B5921B}.Debug|x64.ActiveCfg = Debug|Any CPU
		{31A56D50-4391-4357-9E16-06B361B5921B}.Debug|x64.Build.0 = Debug|Any CPU
		{31A56D50-4391-4357-9E16-06B361B5921B}.Debug|x86.ActiveCfg = Debug|Any CPU
		{31A56D50-4391-4357-9E16-06B361B5921B}.Debug|x86.Build.0 = Debug|Any CPU
		{31A56D50-4391-4357-9E16-06B361B5921B}.Release|Any CPU.ActiveCfg = Release|Any CPU
		{31A56D50-4391-4357-9E16-06B361B5921B}.Release|Any CPU.Build.0 = Release|Any CPU
		{31A56D50-4391-4357-9E16-06B361B5921B}.Release|ARM.ActiveCfg = Release|Any CPU
		{31A56D50-4391-4357-9E16-06B361B5921B}.Release|ARM.Build.0 = Release|Any CPU
		{31A56D50-4391-4357-9E16-06B361B5921B}.Release|iPhone.ActiveCfg = Release|Any CPU
		{31A56D50-4391-4357-9E16-06B361B5921B}.Release|iPhone.Build.0 = Release|Any CPU
		{31A56D50-4391-4357-9E16-06B361B5921B}.Release|iPhoneSimulator.ActiveCfg = Release|Any CPU
		{31A56D50-4391-4357-9E16-06B361B5921B}.Release|iPhoneSimulator.Build.0 = Release|Any CPU
		{31A56D50-4391-4357-9E16-06B361B5921B}.Release|x64.ActiveCfg = Release|Any CPU
		{31A56D50-4391-4357-9E16-06B361B5921B}.Release|x64.Build.0 = Release|Any CPU
		{31A56D50-4391-4357-9E16-06B361B5921B}.Release|x86.ActiveCfg = Release|Any CPU
		{31A56D50-4391-4357-9E16-06B361B5921B}.Release|x86.Build.0 = Release|Any CPU
		{ECA26F2C-7C4D-4D4E-A948-A3ADF3323EB0}.Ad-Hoc|Any CPU.ActiveCfg = Release|Any CPU
		{ECA26F2C-7C4D-4D4E-A948-A3ADF3323EB0}.Ad-Hoc|Any CPU.Build.0 = Release|Any CPU
		{ECA26F2C-7C4D-4D4E-A948-A3ADF3323EB0}.Ad-Hoc|ARM.ActiveCfg = Release|Any CPU
		{ECA26F2C-7C4D-4D4E-A948-A3ADF3323EB0}.Ad-Hoc|ARM.Build.0 = Release|Any CPU
		{ECA26F2C-7C4D-4D4E-A948-A3ADF3323EB0}.Ad-Hoc|iPhone.ActiveCfg = Release|Any CPU
		{ECA26F2C-7C4D-4D4E-A948-A3ADF3323EB0}.Ad-Hoc|iPhone.Build.0 = Release|Any CPU
		{ECA26F2C-7C4D-4D4E-A948-A3ADF3323EB0}.Ad-Hoc|iPhoneSimulator.ActiveCfg = Release|Any CPU
		{ECA26F2C-7C4D-4D4E-A948-A3ADF3323EB0}.Ad-Hoc|iPhoneSimulator.Build.0 = Release|Any CPU
		{ECA26F2C-7C4D-4D4E-A948-A3ADF3323EB0}.Ad-Hoc|x64.ActiveCfg = Release|Any CPU
		{ECA26F2C-7C4D-4D4E-A948-A3ADF3323EB0}.Ad-Hoc|x64.Build.0 = Release|Any CPU
		{ECA26F2C-7C4D-4D4E-A948-A3ADF3323EB0}.Ad-Hoc|x86.ActiveCfg = Release|Any CPU
		{ECA26F2C-7C4D-4D4E-A948-A3ADF3323EB0}.Ad-Hoc|x86.Build.0 = Release|Any CPU
		{ECA26F2C-7C4D-4D4E-A948-A3ADF3323EB0}.AppStore|Any CPU.ActiveCfg = Release|Any CPU
		{ECA26F2C-7C4D-4D4E-A948-A3ADF3323EB0}.AppStore|Any CPU.Build.0 = Release|Any CPU
		{ECA26F2C-7C4D-4D4E-A948-A3ADF3323EB0}.AppStore|ARM.ActiveCfg = Release|Any CPU
		{ECA26F2C-7C4D-4D4E-A948-A3ADF3323EB0}.AppStore|ARM.Build.0 = Release|Any CPU
		{ECA26F2C-7C4D-4D4E-A948-A3ADF3323EB0}.AppStore|iPhone.ActiveCfg = Release|Any CPU
		{ECA26F2C-7C4D-4D4E-A948-A3ADF3323EB0}.AppStore|iPhone.Build.0 = Release|Any CPU
		{ECA26F2C-7C4D-4D4E-A948-A3ADF3323EB0}.AppStore|iPhoneSimulator.ActiveCfg = Release|Any CPU
		{ECA26F2C-7C4D-4D4E-A948-A3ADF3323EB0}.AppStore|iPhoneSimulator.Build.0 = Release|Any CPU
		{ECA26F2C-7C4D-4D4E-A948-A3ADF3323EB0}.AppStore|x64.ActiveCfg = Release|Any CPU
		{ECA26F2C-7C4D-4D4E-A948-A3ADF3323EB0}.AppStore|x64.Build.0 = Release|Any CPU
		{ECA26F2C-7C4D-4D4E-A948-A3ADF3323EB0}.AppStore|x86.ActiveCfg = Release|Any CPU
		{ECA26F2C-7C4D-4D4E-A948-A3ADF3323EB0}.AppStore|x86.Build.0 = Release|Any CPU
		{ECA26F2C-7C4D-4D4E-A948-A3ADF3323EB0}.Debug|Any CPU.ActiveCfg = Debug|Any CPU
		{ECA26F2C-7C4D-4D4E-A948-A3ADF3323EB0}.Debug|Any CPU.Build.0 = Debug|Any CPU
		{ECA26F2C-7C4D-4D4E-A948-A3ADF3323EB0}.Debug|ARM.ActiveCfg = Debug|Any CPU
		{ECA26F2C-7C4D-4D4E-A948-A3ADF3323EB0}.Debug|ARM.Build.0 = Debug|Any CPU
		{ECA26F2C-7C4D-4D4E-A948-A3ADF3323EB0}.Debug|iPhone.ActiveCfg = Debug|Any CPU
		{ECA26F2C-7C4D-4D4E-A948-A3ADF3323EB0}.Debug|iPhone.Build.0 = Debug|Any CPU
		{ECA26F2C-7C4D-4D4E-A948-A3ADF3323EB0}.Debug|iPhoneSimulator.ActiveCfg = Debug|Any CPU
		{ECA26F2C-7C4D-4D4E-A948-A3ADF3323EB0}.Debug|iPhoneSimulator.Build.0 = Debug|Any CPU
		{ECA26F2C-7C4D-4D4E-A948-A3ADF3323EB0}.Debug|x64.ActiveCfg = Debug|Any CPU
		{ECA26F2C-7C4D-4D4E-A948-A3ADF3323EB0}.Debug|x64.Build.0 = Debug|Any CPU
		{ECA26F2C-7C4D-4D4E-A948-A3ADF3323EB0}.Debug|x86.ActiveCfg = Debug|Any CPU
		{ECA26F2C-7C4D-4D4E-A948-A3ADF3323EB0}.Debug|x86.Build.0 = Debug|Any CPU
		{ECA26F2C-7C4D-4D4E-A948-A3ADF3323EB0}.Release|Any CPU.ActiveCfg = Release|Any CPU
		{ECA26F2C-7C4D-4D4E-A948-A3ADF3323EB0}.Release|Any CPU.Build.0 = Release|Any CPU
		{ECA26F2C-7C4D-4D4E-A948-A3ADF3323EB0}.Release|ARM.ActiveCfg = Release|Any CPU
		{ECA26F2C-7C4D-4D4E-A948-A3ADF3323EB0}.Release|ARM.Build.0 = Release|Any CPU
		{ECA26F2C-7C4D-4D4E-A948-A3ADF3323EB0}.Release|iPhone.ActiveCfg = Release|Any CPU
		{ECA26F2C-7C4D-4D4E-A948-A3ADF3323EB0}.Release|iPhone.Build.0 = Release|Any CPU
		{ECA26F2C-7C4D-4D4E-A948-A3ADF3323EB0}.Release|iPhoneSimulator.ActiveCfg = Release|Any CPU
		{ECA26F2C-7C4D-4D4E-A948-A3ADF3323EB0}.Release|iPhoneSimulator.Build.0 = Release|Any CPU
		{ECA26F2C-7C4D-4D4E-A948-A3ADF3323EB0}.Release|x64.ActiveCfg = Release|Any CPU
		{ECA26F2C-7C4D-4D4E-A948-A3ADF3323EB0}.Release|x64.Build.0 = Release|Any CPU
		{ECA26F2C-7C4D-4D4E-A948-A3ADF3323EB0}.Release|x86.ActiveCfg = Release|Any CPU
		{ECA26F2C-7C4D-4D4E-A948-A3ADF3323EB0}.Release|x86.Build.0 = Release|Any CPU
	EndGlobalSection
	GlobalSection(SolutionProperties) = preSolution
		HideSolutionNode = FALSE
	EndGlobalSection
	GlobalSection(ExtensibilityGlobals) = postSolution
		SolutionGuid = {C6D747B0-0F7D-4B48-9646-6E6D06C99E10}
	EndGlobalSection
EndGlobal
